
Microsoft Visual Studio Solution File, Format Version 12.00
# Visual Studio Version 17
VisualStudioVersion = 17.5.002.0
MinimumVisualStudioVersion = 10.0.40219.1
Project("{9A19103F-16F7-4668-BE54-9A1E7A4F7556}") = "NetCorePractice", "NetCorePractice.csproj", "{C7C996E8-F225-435A-9BA7-70E6CF971974}"
EndProject
Global
	GlobalSection(SolutionConfigurationPlatforms) = preSolution
		Debug|Any CPU = Debug|Any CPU
		Release|Any CPU = Release|Any CPU
	EndGlobalSection
	GlobalSection(ProjectConfigurationPlatforms) = postSolution
		{C7C996E8-F225-435A-9BA7-70E6CF971974}.Debug|Any CPU.ActiveCfg = Debug|Any CPU
		{C7C996E8-F225-435A-9BA7-70E6CF971974}.Debug|Any CPU.Build.0 = Debug|Any CPU
		{C7C996E8-F225-435A-9BA7-70E6CF971974}.Release|Any CPU.ActiveCfg = Release|Any CPU
		{C7C996E8-F225-435A-9BA7-70E6CF971974}.Release|Any CPU.Build.0 = Release|Any CPU
	EndGlobalSection
	GlobalSection(SolutionProperties) = preSolution
		HideSolutionNode = FALSE
	EndGlobalSection
	GlobalSection(ExtensibilityGlobals) = postSolution
		SolutionGuid = {CCF6CA39-A9C4-413C-8D99-71FDA40B311B}
	EndGlobalSection
EndGlobal
